
Microsoft Visual Studio Solution File, Format Version 12.00
# Visual Studio Version 16
VisualStudioVersion = 16.0.30626.31
MinimumVisualStudioVersion = 10.0.40219.1
Project("{FAE04EC0-301F-11D3-BF4B-00C04F79EFBC}") = "BlazorScheduler", "BlazorScheduler.csproj", "{56B78EE5-41AE-4DFB-80DC-81BC2CCA6594}"
EndProject
Global
	GlobalSection(SolutionConfigurationPlatforms) = preSolution
		Debug|Any CPU = Debug|Any CPU
		Release|Any CPU = Release|Any CPU
	EndGlobalSection
	GlobalSection(ProjectConfigurationPlatforms) = postSolution
		{56B78EE5-41AE-4DFB-80DC-81BC2CCA6594}.Debug|Any CPU.ActiveCfg = Debug|Any CPU
		{56B78EE5-41AE-4DFB-80DC-81BC2CCA6594}.Debug|Any CPU.Build.0 = Debug|Any CPU
		{56B78EE5-41AE-4DFB-80DC-81BC2CCA6594}.Release|Any CPU.ActiveCfg = Release|Any CPU
		{56B78EE5-41AE-4DFB-80DC-81BC2CCA6594}.Release|Any CPU.Build.0 = Release|Any CPU
	EndGlobalSection
	GlobalSection(SolutionProperties) = preSolution
		HideSolutionNode = FALSE
	EndGlobalSection
	GlobalSection(ExtensibilityGlobals) = postSolution
		SolutionGuid = {957D5C53-C7C0-4854-963B-1DF2BE7BD0E6}
	EndGlobalSection
EndGlobal
